
Microsoft Visual Studio Solution File, Format Version 12.00
# Visual Studio Version 17
VisualStudioVersion = 17.4.33110.190
MinimumVisualStudioVersion = 10.0.40219.1
Project("{9A19103F-16F7-4668-BE54-9A1E7A4F7556}") = "JournalApp.Web", "JournalApp.Web\JournalApp.Web.csproj", "{99D10225-43E9-4381-B7A8-1FB3D0E6E4CE}"
EndProject
Project("{9A19103F-16F7-4668-BE54-9A1E7A4F7556}") = "JournalApp.Common", "JournalApp.Common\JournalApp.Common.csproj", "{B4A95DAF-20BD-4103-B3F7-1144E5896C79}"
EndProject
Project("{2150E333-8FDC-42A3-9474-1A3956D46DE8}") = "sample-data", "sample-data", "{1DC3654D-32DA-4B44-9416-49E9B57BC7E1}"
	ProjectSection(SolutionItems) = preProject
		sample-data\page-sections.json = sample-data\page-sections.json
		sample-data\pages.json = sample-data\pages.json
	EndProjectSection
EndProject
Global
	GlobalSection(SolutionConfigurationPlatforms) = preSolution
		Debug|Any CPU = Debug|Any CPU
		Release|Any CPU = Release|Any CPU
	EndGlobalSection
	GlobalSection(ProjectConfigurationPlatforms) = postSolution
		{99D10225-43E9-4381-B7A8-1FB3D0E6E4CE}.Debug|Any CPU.ActiveCfg = Debug|Any CPU
		{99D10225-43E9-4381-B7A8-1FB3D0E6E4CE}.Debug|Any CPU.Build.0 = Debug|Any CPU
		{99D10225-43E9-4381-B7A8-1FB3D0E6E4CE}.Release|Any CPU.ActiveCfg = Release|Any CPU
		{99D10225-43E9-4381-B7A8-1FB3D0E6E4CE}.Release|Any CPU.Build.0 = Release|Any CPU
		{B4A95DAF-20BD-4103-B3F7-1144E5896C79}.Debug|Any CPU.ActiveCfg = Debug|Any CPU
		{B4A95DAF-20BD-4103-B3F7-1144E5896C79}.Debug|Any CPU.Build.0 = Debug|Any CPU
		{B4A95DAF-20BD-4103-B3F7-1144E5896C79}.Release|Any CPU.ActiveCfg = Release|Any CPU
		{B4A95DAF-20BD-4103-B3F7-1144E5896C79}.Release|Any CPU.Build.0 = Release|Any CPU
	EndGlobalSection
	GlobalSection(SolutionProperties) = preSolution
		HideSolutionNode = FALSE
	EndGlobalSection
	GlobalSection(ExtensibilityGlobals) = postSolution
		SolutionGuid = {0AE9E6A3-D0E9-461A-8402-99FB78178F6E}
	EndGlobalSection
EndGlobal
